# THIS IS AN AUTOGENERATED FILE. DO NOT EDIT THIS FILE DIRECTLY.
# yarn lockfile v1


"@bower_components/bootstrap-datetimepicker@git://github.com/smalot/bootstrap-datetimepicker.git#*":
  version "2.4.4"
  resolved "git://github.com/smalot/bootstrap-datetimepicker.git#32143c8b45575e51c92a8e29997cbe556d1bbba3"

"@bower_components/jquery.maskedinput@digitalBush/jquery.maskedinput#*":
  version "1.4.1"
  resolved "https://codeload.github.com/digitalBush/jquery.maskedinput/tar.gz/f19728180c604c1b0c62d6aa97af262c0c04d71c"

"@bower_components/jquery.role@git://github.com/kossnocorp/role.git#*":
  version "0.0.0"
  resolved "git://github.com/kossnocorp/role.git#134d4b19562a929375a400bdd32e6c6dfb60fa4d"

"@bower_components/jquery@jquery/jquery-dist#>=1.8.3":
  version "3.3.1"
  resolved "https://codeload.github.com/jquery/jquery-dist/tar.gz/9e8ec3d10fad04748176144f108d7355662ae75e"

"@bower_components/spin.js@fgnass/spin.js#*":
  version "4.0.0"
  resolved "https://codeload.github.com/fgnass/spin.js/tar.gz/c0658a33881b95a334fe4a4ab500d9245e40c09f"
